
Microsoft Visual Studio Solution File, Format Version 12.00
# Visual Studio Version 17
VisualStudioVersion = 17.3.32804.467
MinimumVisualStudioVersion = 10.0.40219.1
Project("{FAE04EC0-301F-11D3-BF4B-00C04F79EFBC}") = "pex1start", "pex1start.csproj", "{955655D8-3289-4A35-AB05-3041C5B9BD96}"
EndProject
Global
	GlobalSection(SolutionConfigurationPlatforms) = preSolution
		Debug|x86 = Debug|x86
		Release|x86 = Release|x86
	EndGlobalSection
	GlobalSection(ProjectConfigurationPlatforms) = postSolution
		{955655D8-3289-4A35-AB05-3041C5B9BD96}.Debug|x86.ActiveCfg = Debug|x86
		{955655D8-3289-4A35-AB05-3041C5B9BD96}.Debug|x86.Build.0 = Debug|x86
		{955655D8-3289-4A35-AB05-3041C5B9BD96}.Release|x86.ActiveCfg = Release|x86
		{955655D8-3289-4A35-AB05-3041C5B9BD96}.Release|x86.Build.0 = Release|x86
	EndGlobalSection
	GlobalSection(SolutionProperties) = preSolution
		HideSolutionNode = FALSE
	EndGlobalSection
	GlobalSection(ExtensibilityGlobals) = postSolution
		SolutionGuid = {513638EF-5ED7-4F47-8D0D-2A1480122CFC}
	EndGlobalSection
EndGlobal
